
Microsoft Visual Studio Solution File, Format Version 12.00
# Visual Studio Version 17
VisualStudioVersion = 17.2.32630.192
MinimumVisualStudioVersion = 10.0.40219.1
Project("{FAE04EC0-301F-11D3-BF4B-00C04F79EFBC}") = "LoginPOC", "LoginPOC.csproj", "{8369AA43-1AFF-42CB-A1E3-1ED5E7105A81}"
EndProject
Global
	GlobalSection(SolutionConfigurationPlatforms) = preSolution
		Debug|Any CPU = Debug|Any CPU
		Release|Any CPU = Release|Any CPU
	EndGlobalSection
	GlobalSection(ProjectConfigurationPlatforms) = postSolution
		{8369AA43-1AFF-42CB-A1E3-1ED5E7105A81}.Debug|Any CPU.ActiveCfg = Debug|Any CPU
		{8369AA43-1AFF-42CB-A1E3-1ED5E7105A81}.Debug|Any CPU.Build.0 = Debug|Any CPU
		{8369AA43-1AFF-42CB-A1E3-1ED5E7105A81}.Release|Any CPU.ActiveCfg = Release|Any CPU
		{8369AA43-1AFF-42CB-A1E3-1ED5E7105A81}.Release|Any CPU.Build.0 = Release|Any CPU
	EndGlobalSection
	GlobalSection(SolutionProperties) = preSolution
		HideSolutionNode = FALSE
	EndGlobalSection
	GlobalSection(ExtensibilityGlobals) = postSolution
		SolutionGuid = {DBF08AAC-49DB-4E84-94CC-95AC295CE147}
	EndGlobalSection
EndGlobal
